
Microsoft Visual Studio Solution File, Format Version 12.00
# Visual Studio Version 17
VisualStudioVersion = 17.10.35013.160
MinimumVisualStudioVersion = 10.0.40219.1
Project("{FAE04EC0-301F-11D3-BF4B-00C04F79EFBC}") = "Xmind9_7", "Xmind9_7.csproj", "{91B72541-CBBD-4940-9DDF-275F30EC8491}"
EndProject
Project("{FAE04EC0-301F-11D3-BF4B-00C04F79EFBC}") = "XmindLibrary", "..\XmindLibrary\XmindLibrary.csproj", "{B470C4FD-A9FD-44B0-B8E2-589217A21D2B}"
EndProject
Global
	GlobalSection(SolutionConfigurationPlatforms) = preSolution
		Debug|Any CPU = Debug|Any CPU
		Release|Any CPU = Release|Any CPU
	EndGlobalSection
	GlobalSection(ProjectConfigurationPlatforms) = postSolution
		{91B72541-CBBD-4940-9DDF-275F30EC8491}.Debug|Any CPU.ActiveCfg = Debug|Any CPU
		{91B72541-CBBD-4940-9DDF-275F30EC8491}.Debug|Any CPU.Build.0 = Debug|Any CPU
		{91B72541-CBBD-4940-9DDF-275F30EC8491}.Release|Any CPU.ActiveCfg = Release|Any CPU
		{91B72541-CBBD-4940-9DDF-275F30EC8491}.Release|Any CPU.Build.0 = Release|Any CPU
		{B470C4FD-A9FD-44B0-B8E2-589217A21D2B}.Debug|Any CPU.ActiveCfg = Debug|Any CPU
		{B470C4FD-A9FD-44B0-B8E2-589217A21D2B}.Debug|Any CPU.Build.0 = Debug|Any CPU
		{B470C4FD-A9FD-44B0-B8E2-589217A21D2B}.Release|Any CPU.ActiveCfg = Release|Any CPU
		{B470C4FD-A9FD-44B0-B8E2-589217A21D2B}.Release|Any CPU.Build.0 = Release|Any CPU
	EndGlobalSection
	GlobalSection(SolutionProperties) = preSolution
		HideSolutionNode = FALSE
	EndGlobalSection
	GlobalSection(ExtensibilityGlobals) = postSolution
		SolutionGuid = {51EA91C9-2C93-47C6-88F2-19FB7394DB4D}
	EndGlobalSection
EndGlobal
